// !$*UTF8*$!
{
	archiveVersion = 1;
	classes = {
	};
	objectVersion = 46;
	objects = {

/* Begin PBXBuildFile section */
		3C263D6113FC04A500040A09 /* UIKit.framework in Frameworks */ = {isa = PBXBuildFile; fileRef = 3C263D6013FC04A500040A09 /* UIKit.framework */; };
		3C263D6313FC04A500040A09 /* Foundation.framework in Frameworks */ = {isa = PBXBuildFile; fileRef = 3C263D6213FC04A500040A09 /* Foundation.framework */; };
		3C263D6513FC04A500040A09 /* CoreGraphics.framework in Frameworks */ = {isa = PBXBuildFile; fileRef = 3C263D6413FC04A500040A09 /* CoreGraphics.framework */; };
		3C263D6B13FC04A600040A09 /* InfoPlist.strings in Resources */ = {isa = PBXBuildFile; fileRef = 3C263D6913FC04A600040A09 /* InfoPlist.strings */; };
		3C263D6E13FC04A600040A09 /* main.m in Sources */ = {isa = PBXBuildFile; fileRef = 3C263D6D13FC04A600040A09 /* main.m */; };
		3C263D7113FC04A600040A09 /* CurrencyAppDelegate.m in Sources */ = {isa = PBXBuildFile; fileRef = 3C263D7013FC04A600040A09 /* CurrencyAppDelegate.m */; };
		3C263D7413FC04A600040A09 /* MainWindow.xib in Resources */ = {isa = PBXBuildFile; fileRef = 3C263D7213FC04A600040A09 /* MainWindow.xib */; };
		3C263D7713FC04A600040A09 /* CurrencyViewController.m in Sources */ = {isa = PBXBuildFile; fileRef = 3C263D7613FC04A600040A09 /* CurrencyViewController.m */; };
		3C263D7A13FC04A600040A09 /* CurrencyViewController.xib in Resources */ = {isa = PBXBuildFile; fileRef = 3C263D7813FC04A600040A09 /* CurrencyViewController.xib */; };
		3C263D8213FC04E900040A09 /* XMLReader.m in Sources */ = {isa = PBXBuildFile; fileRef = 3C263D8113FC04E900040A09 /* XMLReader.m */; };
		3C263D8613FC193500040A09 /* CurrencySelectViewController.m in Sources */ = {isa = PBXBuildFile; fileRef = 3C263D8413FC193500040A09 /* CurrencySelectViewController.m */; };
		3C263D8713FC193500040A09 /* CurrencySelectViewController.xib in Resources */ = {isa = PBXBuildFile; fileRef = 3C263D8513FC193500040A09 /* CurrencySelectViewController.xib */; };
/* End PBXBuildFile section */

/* Begin PBXFileReference section */
		3C263D5C13FC04A500040A09 /* Currency.app */ = {isa = PBXFileReference; explicitFileType = wrapper.application; includeInIndex = 0; path = Currency.app; sourceTree = BUILT_PRODUCTS_DIR; };
		3C263D6013FC04A500040A09 /* UIKit.framework */ = {isa = PBXFileReference; lastKnownFileType = wrapper.framework; name = UIKit.framework; path = System/Library/Frameworks/UIKit.framework; sourceTree = SDKROOT; };
		3C263D6213FC04A500040A09 /* Foundation.framework */ = {isa = PBXFileReference; lastKnownFileType = wrapper.framework; name = Foundation.framework; path = System/Library/Frameworks/Foundation.framework; sourceTree = SDKROOT; };
		3C263D6413FC04A500040A09 /* CoreGraphics.framework */ = {isa = PBXFileReference; lastKnownFileType = wrapper.framework; name = CoreGraphics.framework; path = System/Library/Frameworks/CoreGraphics.framework; sourceTree = SDKROOT; };
		3C263D6813FC04A600040A09 /* Currency-Info.plist */ = {isa = PBXFileReference; lastKnownFileType = text.plist.xml; path = "Currency-Info.plist"; sourceTree = "<group>"; };
		3C263D6A13FC04A600040A09 /* en */ = {isa = PBXFileReference; lastKnownFileType = text.plist.strings; name = en; path = en.lproj/InfoPlist.strings; sourceTree = "<group>"; };
		3C263D6C13FC04A600040A09 /* Currency-Prefix.pch */ = {isa = PBXFileReference; lastKnownFileType = sourcecode.c.h; path = "Currency-Prefix.pch"; sourceTree = "<group>"; };
		3C263D6D13FC04A600040A09 /* main.m */ = {isa = PBXFileReference; lastKnownFileType = sourcecode.c.objc; path = main.m; sourceTree = "<group>"; };
		3C263D6F13FC04A600040A09 /* CurrencyAppDelegate.h */ = {isa = PBXFileReference; lastKnownFileType = sourcecode.c.h; path = CurrencyAppDelegate.h; sourceTree = "<group>"; };
		3C263D7013FC04A600040A09 /* CurrencyAppDelegate.m */ = {isa = PBXFileReference; lastKnownFileType = sourcecode.c.objc; path = CurrencyAppDelegate.m; sourceTree = "<group>"; };
		3C263D7313FC04A600040A09 /* en */ = {isa = PBXFileReference; lastKnownFileType = file.xib; name = en; path = en.lproj/MainWindow.xib; sourceTree = "<group>"; };
		3C263D7513FC04A600040A09 /* CurrencyViewController.h */ = {isa = PBXFileReference; lastKnownFileType = sourcecode.c.h; path = CurrencyViewController.h; sourceTree = "<group>"; };
		3C263D7613FC04A600040A09 /* CurrencyViewController.m */ = {isa = PBXFileReference; lastKnownFileType = sourcecode.c.objc; path = CurrencyViewController.m; sourceTree = "<group>"; };
		3C263D7913FC04A600040A09 /* en */ = {isa = PBXFileReference; lastKnownFileType = file.xib; name = en; path = en.lproj/CurrencyViewController.xib; sourceTree = "<group>"; };
		3C263D8013FC04E900040A09 /* XMLReader.h */ = {isa = PBXFileReference; fileEncoding = 4; lastKnownFileType = sourcecode.c.h; path = XMLReader.h; sourceTree = "<group>"; };
		3C263D8113FC04E900040A09 /* XMLReader.m */ = {isa = PBXFileReference; fileEncoding = 4; lastKnownFileType = sourcecode.c.objc; path = XMLReader.m; sourceTree = "<group>"; };
		3C263D8313FC193500040A09 /* CurrencySelectViewController.h */ = {isa = PBXFileReference; fileEncoding = 4; lastKnownFileType = sourcecode.c.h; path = CurrencySelectViewController.h; sourceTree = "<group>"; };
		3C263D8413FC193500040A09 /* CurrencySelectViewController.m */ = {isa = PBXFileReference; fileEncoding = 4; lastKnownFileType = sourcecode.c.objc; path = CurrencySelectViewController.m; sourceTree = "<group>"; };
		3C263D8513FC193500040A09 /* CurrencySelectViewController.xib */ = {isa = PBXFileReference; fileEncoding = 4; lastKnownFileType = file.xib; path = CurrencySelectViewController.xib; sourceTree = "<group>"; };
/* End PBXFileReference section */

/* Begin PBXFrameworksBuildPhase section */
		3C263D5913FC04A500040A09 /* Frameworks */ = {
			isa = PBXFrameworksBuildPhase;
			buildActionMask = 2147483647;
			files = (
				3C263D6113FC04A500040A09 /* UIKit.framework in Frameworks */,
				3C263D6313FC04A500040A09 /* Foundation.framework in Frameworks */,
				3C263D6513FC04A500040A09 /* CoreGraphics.framework in Frameworks */,
			);
			runOnlyForDeploymentPostprocessing = 0;
		};
/* End PBXFrameworksBuildPhase section */

/* Begin PBXGroup section */
		3C263D5113FC04A400040A09 = {
			isa = PBXGroup;
			children = (
				3C263D6613FC04A500040A09 /* Currency */,
				3C263D5F13FC04A500040A09 /* Frameworks */,
				3C263D5D13FC04A500040A09 /* Products */,
			);
			sourceTree = "<group>";
		};
		3C263D5D13FC04A500040A09 /* Products */ = {
			isa = PBXGroup;
			children = (
				3C263D5C13FC04A500040A09 /* Currency.app */,
			);
			name = Products;
			sourceTree = "<group>";
		};
		3C263D5F13FC04A500040A09 /* Frameworks */ = {
			isa = PBXGroup;
			children = (
				3C263D6013FC04A500040A09 /* UIKit.framework */,
				3C263D6213FC04A500040A09 /* Foundation.framework */,
				3C263D6413FC04A500040A09 /* CoreGraphics.framework */,
			);
			name = Frameworks;
			sourceTree = "<group>";
		};
		3C263D6613FC04A500040A09 /* Currency */ = {
			isa = PBXGroup;
			children = (
				3C263D6F13FC04A600040A09 /* CurrencyAppDelegate.h */,
				3C263D7013FC04A600040A09 /* CurrencyAppDelegate.m */,
				3C263D7213FC04A600040A09 /* MainWindow.xib */,
				3C263D7513FC04A600040A09 /* CurrencyViewController.h */,
				3C263D7613FC04A600040A09 /* CurrencyViewController.m */,
				3C263D7813FC04A600040A09 /* CurrencyViewController.xib */,
				3C263D6713FC04A600040A09 /* Supporting Files */,
				3C263D8013FC04E900040A09 /* XMLReader.h */,
				3C263D8113FC04E900040A09 /* XMLReader.m */,
				3C263D8313FC193500040A09 /* CurrencySelectViewController.h */,
				3C263D8413FC193500040A09 /* CurrencySelectViewController.m */,
				3C263D8513FC193500040A09 /* CurrencySelectViewController.xib */,
			);
			path = Currency;
			sourceTree = "<group>";
		};
		3C263D6713FC04A600040A09 /* Supporting Files */ = {
			isa = PBXGroup;
			children = (
				3C263D6813FC04A600040A09 /* Currency-Info.plist */,
				3C263D6913FC04A600040A09 /* InfoPlist.strings */,
				3C263D6C13FC04A600040A09 /* Currency-Prefix.pch */,
				3C263D6D13FC04A600040A09 /* main.m */,
			);
			name = "Supporting Files";
			sourceTree = "<group>";
		};
/* End PBXGroup section */

/* Begin PBXNativeTarget section */
		3C263D5B13FC04A500040A09 /* Currency */ = {
			isa = PBXNativeTarget;
			buildConfigurationList = 3C263D7D13FC04A600040A09 /* Build configuration list for PBXNativeTarget "Currency" */;
			buildPhases = (
				3C263D5813FC04A500040A09 /* Sources */,
				3C263D5913FC04A500040A09 /* Frameworks */,
				3C263D5A13FC04A500040A09 /* Resources */,
			);
			buildRules = (
			);
			dependencies = (
			);
			name = Currency;
			productName = Currency;
			productReference = 3C263D5C13FC04A500040A09 /* Currency.app */;
			productType = "com.apple.product-type.application";
		};
/* End PBXNativeTarget section */

/* Begin PBXProject section */
		3C263D5313FC04A500040A09 /* Project object */ = {
			isa = PBXProject;
			buildConfigurationList = 3C263D5613FC04A500040A09 /* Build configuration list for PBXProject "Currency" */;
			compatibilityVersion = "Xcode 3.2";
			developmentRegion = English;
			hasScannedForEncodings = 0;
			knownRegions = (
				en,
			);
			mainGroup = 3C263D5113FC04A400040A09;
			productRefGroup = 3C263D5D13FC04A500040A09 /* Products */;
			projectDirPath = "";
			projectRoot = "";
			targets = (
				3C263D5B13FC04A500040A09 /* Currency */,
			);
		};
/* End PBXProject section */

/* Begin PBXResourcesBuildPhase section */
		3C263D5A13FC04A500040A09 /* Resources */ = {
			isa = PBXResourcesBuildPhase;
			buildActionMask = 2147483647;
			files = (
				3C263D6B13FC04A600040A09 /* InfoPlist.strings in Resources */,
				3C263D7413FC04A600040A09 /* MainWindow.xib in Resources */,
				3C263D7A13FC04A600040A09 /* CurrencyViewController.xib in Resources */,
				3C263D8713FC193500040A09 /* CurrencySelectViewController.xib in Resources */,
			);
			runOnlyForDeploymentPostprocessing = 0;
		};
/* End PBXResourcesBuildPhase section */

/* Begin PBXSourcesBuildPhase section */
		3C263D5813FC04A500040A09 /* Sources */ = {
			isa = PBXSourcesBuildPhase;
			buildActionMask = 2147483647;
			files = (
				3C263D6E13FC04A600040A09 /* main.m in Sources */,
				3C263D7113FC04A600040A09 /* CurrencyAppDelegate.m in Sources */,
				3C263D7713FC04A600040A09 /* CurrencyViewController.m in Sources */,
				3C263D8213FC04E900040A09 /* XMLReader.m in Sources */,
				3C263D8613FC193500040A09 /* CurrencySelectViewController.m in Sources */,
			);
			runOnlyForDeploymentPostprocessing = 0;
		};
/* End PBXSourcesBuildPhase section */

/* Begin PBXVariantGroup section */
		3C263D6913FC04A600040A09 /* InfoPlist.strings */ = {
			isa = PBXVariantGroup;
			children = (
				3C263D6A13FC04A600040A09 /* en */,
			);
			name = InfoPlist.strings;
			sourceTree = "<group>";
		};
		3C263D7213FC04A600040A09 /* MainWindow.xib */ = {
			isa = PBXVariantGroup;
			children = (
				3C263D7313FC04A600040A09 /* en */,
			);
			name = MainWindow.xib;
			sourceTree = "<group>";
		};
		3C263D7813FC04A600040A09 /* CurrencyViewController.xib */ = {
			isa = PBXVariantGroup;
			children = (
				3C263D7913FC04A600040A09 /* en */,
			);
			name = CurrencyViewController.xib;
			sourceTree = "<group>";
		};
/* End PBXVariantGroup section */

/* Begin XCBuildConfiguration section */
		3C263D7B13FC04A600040A09 /* Debug */ = {
			isa = XCBuildConfiguration;
			buildSettings = {
				ARCHS = "$(ARCHS_STANDARD_32_BIT)";
				"CODE_SIGN_IDENTITY[sdk=iphoneos*]" = "iPhone Developer";
				GCC_C_LANGUAGE_STANDARD = gnu99;
				GCC_OPTIMIZATION_LEVEL = 0;
				GCC_PREPROCESSOR_DEFINITIONS = DEBUG;
				GCC_SYMBOLS_PRIVATE_EXTERN = NO;
				GCC_VERSION = com.apple.compilers.llvmgcc42;
				GCC_WARN_ABOUT_RETURN_TYPE = YES;
				GCC_WARN_UNUSED_VARIABLE = YES;
				IPHONEOS_DEPLOYMENT_TARGET = 4.3;
				SDKROOT = iphoneos;
			};
			name = Debug;
		};
		3C263D7C13FC04A600040A09 /* Release */ = {
			isa = XCBuildConfiguration;
			buildSettings = {
				ARCHS = "$(ARCHS_STANDARD_32_BIT)";
				"CODE_SIGN_IDENTITY[sdk=iphoneos*]" = "iPhone Developer";
				GCC_C_LANGUAGE_STANDARD = gnu99;
				GCC_VERSION = com.apple.compilers.llvmgcc42;
				GCC_WARN_ABOUT_RETURN_TYPE = YES;
				GCC_WARN_UNUSED_VARIABLE = YES;
				IPHONEOS_DEPLOYMENT_TARGET = 4.3;
				OTHER_CFLAGS = "-DNS_BLOCK_ASSERTIONS=1";
				SDKROOT = iphoneos;
			};
			name = Release;
		};
		3C263D7E13FC04A600040A09 /* Debug */ = {
			isa = XCBuildConfiguration;
			buildSettings = {
				ALWAYS_SEARCH_USER_PATHS = NO;
				COPY_PHASE_STRIP = NO;
				GCC_DYNAMIC_NO_PIC = NO;
				GCC_PRECOMPILE_PREFIX_HEADER = YES;
				GCC_PREFIX_HEADER = "Currency/Currency-Prefix.pch";
				INFOPLIST_FILE = "Currency/Currency-Info.plist";
				IPHONEOS_DEPLOYMENT_TARGET = 4.1;
				PRODUCT_NAME = "$(TARGET_NAME)";
				WRAPPER_EXTENSION = app;
			};
			name = Debug;
		};
		3C263D7F13FC04A600040A09 /* Release */ = {
			isa = XCBuildConfiguration;
			buildSettings = {
				ALWAYS_SEARCH_USER_PATHS = NO;
				COPY_PHASE_STRIP = YES;
				GCC_PRECOMPILE_PREFIX_HEADER = YES;
				GCC_PREFIX_HEADER = "Currency/Currency-Prefix.pch";
				INFOPLIST_FILE = "Currency/Currency-Info.plist";
				IPHONEOS_DEPLOYMENT_TARGET = 4.1;
				PRODUCT_NAME = "$(TARGET_NAME)";
				VALIDATE_PRODUCT = YES;
				WRAPPER_EXTENSION = app;
			};
			name = Release;
		};
/* End XCBuildConfiguration section */

/* Begin XCConfigurationList section */
		3C263D5613FC04A500040A09 /* Build configuration list for PBXProject "Currency" */ = {
			isa = XCConfigurationList;
			buildConfigurations = (
				3C263D7B13FC04A600040A09 /* Debug */,
				3C263D7C13FC04A600040A09 /* Release */,
			);
			defaultConfigurationIsVisible = 0;
			defaultConfigurationName = Release;
		};
		3C263D7D13FC04A600040A09 /* Build configuration list for PBXNativeTarget "Currency" */ = {
			isa = XCConfigurationList;
			buildConfigurations = (
				3C263D7E13FC04A600040A09 /* Debug */,
				3C263D7F13FC04A600040A09 /* Release */,
			);
			defaultConfigurationIsVisible = 0;
		};
/* End XCConfigurationList section */
	};
	rootObject = 3C263D5313FC04A500040A09 /* Project object */;
}
